
Microsoft Visual Studio Solution File, Format Version 12.00
# Visual Studio Version 16
VisualStudioVersion = 16.0.29728.190
MinimumVisualStudioVersion = 10.0.40219.1
Project("{FAE04EC0-301F-11D3-BF4B-00C04F79EFBC}") = "CarRacing", "CarRacing\CarRacing.csproj", "{67F191DB-BF22-445C-8B92-A47D1C48EA75}"
EndProject
Global
	GlobalSection(SolutionConfigurationPlatforms) = preSolution
		Debug|Any CPU = Debug|Any CPU
		Release|Any CPU = Release|Any CPU
	EndGlobalSection
	GlobalSection(ProjectConfigurationPlatforms) = postSolution
		{67F191DB-BF22-445C-8B92-A47D1C48EA75}.Debug|Any CPU.ActiveCfg = Debug|Any CPU
		{67F191DB-BF22-445C-8B92-A47D1C48EA75}.Debug|Any CPU.Build.0 = Debug|Any CPU
		{67F191DB-BF22-445C-8B92-A47D1C48EA75}.Release|Any CPU.ActiveCfg = Release|Any CPU
		{67F191DB-BF22-445C-8B92-A47D1C48EA75}.Release|Any CPU.Build.0 = Release|Any CPU
	EndGlobalSection
	GlobalSection(SolutionProperties) = preSolution
		HideSolutionNode = FALSE
	EndGlobalSection
	GlobalSection(ExtensibilityGlobals) = postSolution
		SolutionGuid = {EDA4E817-9F98-4012-89BC-30A2DE93406F}
	EndGlobalSection
EndGlobal
